// !$*UTF8*$!
{
	archiveVersion = 1;
	classes = {
	};
	objectVersion = 46;
	objects = {

/* Begin PBXBuildFile section */
		9DE7F6CD1733B15300F57760 /* UIKit.framework in Frameworks */ = {isa = PBXBuildFile; fileRef = 9DE7F6CC1733B15300F57760 /* UIKit.framework */; };
		9DE7F6CF1733B15300F57760 /* Foundation.framework in Frameworks */ = {isa = PBXBuildFile; fileRef = 9DE7F6CE1733B15300F57760 /* Foundation.framework */; };
		9DE7F6D11733B15300F57760 /* CoreGraphics.framework in Frameworks */ = {isa = PBXBuildFile; fileRef = 9DE7F6D01733B15300F57760 /* CoreGraphics.framework */; };
		9DE7F6D71733B15300F57760 /* InfoPlist.strings in Resources */ = {isa = PBXBuildFile; fileRef = 9DE7F6D51733B15300F57760 /* InfoPlist.strings */; };
		9DE7F6D91733B15300F57760 /* main.m in Sources */ = {isa = PBXBuildFile; fileRef = 9DE7F6D81733B15300F57760 /* main.m */; };
		9DE7F6DD1733B15300F57760 /* RGAppDelegate.m in Sources */ = {isa = PBXBuildFile; fileRef = 9DE7F6DC1733B15300F57760 /* RGAppDelegate.m */; };
		9DE7F6DF1733B15300F57760 /* Default.png in Resources */ = {isa = PBXBuildFile; fileRef = 9DE7F6DE1733B15300F57760 /* Default.png */; };
		9DE7F6E11733B15300F57760 /* Default@2x.png in Resources */ = {isa = PBXBuildFile; fileRef = 9DE7F6E01733B15300F57760 /* Default@2x.png */; };
		9DE7F6E31733B15300F57760 /* Default-568h@2x.png in Resources */ = {isa = PBXBuildFile; fileRef = 9DE7F6E21733B15300F57760 /* Default-568h@2x.png */; };
		9DE7F6EA1733B1B400F57760 /* MainStoryboard.storyboard in Resources */ = {isa = PBXBuildFile; fileRef = 9DE7F6E91733B1B400F57760 /* MainStoryboard.storyboard */; };
		9DE7F6F11733C10800F57760 /* MainViewController.m in Sources */ = {isa = PBXBuildFile; fileRef = 9DE7F6F01733C10800F57760 /* MainViewController.m */; };
		9DE7F6F31733C51800F57760 /* test_data.jpg in Resources */ = {isa = PBXBuildFile; fileRef = 9DE7F6F21733C51800F57760 /* test_data.jpg */; };
		9DE7F6F61733C54E00F57760 /* RGTesseractModel.m in Sources */ = {isa = PBXBuildFile; fileRef = 9DE7F6F51733C54E00F57760 /* RGTesseractModel.m */; };
		9DE7F7361733CA4D00F57760 /* liblept.a in Frameworks */ = {isa = PBXBuildFile; fileRef = 9DE7F7341733CA4D00F57760 /* liblept.a */; };
		9DE7F7371733CA4D00F57760 /* libtesseract_all.a in Frameworks */ = {isa = PBXBuildFile; fileRef = 9DE7F7351733CA4D00F57760 /* libtesseract_all.a */; };
		9DE7F7391733CCC400F57760 /* libstdc++.6.dylib in Frameworks */ = {isa = PBXBuildFile; fileRef = 9DE7F7381733CCC400F57760 /* libstdc++.6.dylib */; };
		9DE7F73C1733CDA300F57760 /* TesseractWrapper.mm in Sources */ = {isa = PBXBuildFile; fileRef = 9DE7F73B1733CDA300F57760 /* TesseractWrapper.mm */; };
/* End PBXBuildFile section */

/* Begin PBXFileReference section */
		9DE7F6C91733B15300F57760 /* KonfAid.app */ = {isa = PBXFileReference; explicitFileType = wrapper.application; includeInIndex = 0; path = KonfAid.app; sourceTree = BUILT_PRODUCTS_DIR; };
		9DE7F6CC1733B15300F57760 /* UIKit.framework */ = {isa = PBXFileReference; lastKnownFileType = wrapper.framework; name = UIKit.framework; path = System/Library/Frameworks/UIKit.framework; sourceTree = SDKROOT; };
		9DE7F6CE1733B15300F57760 /* Foundation.framework */ = {isa = PBXFileReference; lastKnownFileType = wrapper.framework; name = Foundation.framework; path = System/Library/Frameworks/Foundation.framework; sourceTree = SDKROOT; };
		9DE7F6D01733B15300F57760 /* CoreGraphics.framework */ = {isa = PBXFileReference; lastKnownFileType = wrapper.framework; name = CoreGraphics.framework; path = System/Library/Frameworks/CoreGraphics.framework; sourceTree = SDKROOT; };
		9DE7F6D41733B15300F57760 /* KonfAid-Info.plist */ = {isa = PBXFileReference; lastKnownFileType = text.plist.xml; path = "KonfAid-Info.plist"; sourceTree = "<group>"; };
		9DE7F6D61733B15300F57760 /* en */ = {isa = PBXFileReference; lastKnownFileType = text.plist.strings; name = en; path = en.lproj/InfoPlist.strings; sourceTree = "<group>"; };
		9DE7F6D81733B15300F57760 /* main.m */ = {isa = PBXFileReference; lastKnownFileType = sourcecode.c.objc; path = main.m; sourceTree = "<group>"; };
		9DE7F6DA1733B15300F57760 /* KonfAid-Prefix.pch */ = {isa = PBXFileReference; lastKnownFileType = sourcecode.c.h; path = "KonfAid-Prefix.pch"; sourceTree = "<group>"; };
		9DE7F6DB1733B15300F57760 /* RGAppDelegate.h */ = {isa = PBXFileReference; lastKnownFileType = sourcecode.c.h; path = RGAppDelegate.h; sourceTree = "<group>"; };
		9DE7F6DC1733B15300F57760 /* RGAppDelegate.m */ = {isa = PBXFileReference; lastKnownFileType = sourcecode.c.objc; path = RGAppDelegate.m; sourceTree = "<group>"; };
		9DE7F6DE1733B15300F57760 /* Default.png */ = {isa = PBXFileReference; lastKnownFileType = image.png; path = Default.png; sourceTree = "<group>"; };
		9DE7F6E01733B15300F57760 /* Default@2x.png */ = {isa = PBXFileReference; lastKnownFileType = image.png; path = "Default@2x.png"; sourceTree = "<group>"; };
		9DE7F6E21733B15300F57760 /* Default-568h@2x.png */ = {isa = PBXFileReference; lastKnownFileType = image.png; path = "Default-568h@2x.png"; sourceTree = "<group>"; };
		9DE7F6E91733B1B400F57760 /* MainStoryboard.storyboard */ = {isa = PBXFileReference; fileEncoding = 4; lastKnownFileType = file.storyboard; name = MainStoryboard.storyboard; path = ../MainStoryboard.storyboard; sourceTree = "<group>"; };
		9DE7F6EF1733C10800F57760 /* MainViewController.h */ = {isa = PBXFileReference; fileEncoding = 4; lastKnownFileType = sourcecode.c.h; name = MainViewController.h; path = ../MainViewController.h; sourceTree = "<group>"; };
		9DE7F6F01733C10800F57760 /* MainViewController.m */ = {isa = PBXFileReference; fileEncoding = 4; lastKnownFileType = sourcecode.c.objc; name = MainViewController.m; path = ../MainViewController.m; sourceTree = "<group>"; };
		9DE7F6F21733C51800F57760 /* test_data.jpg */ = {isa = PBXFileReference; lastKnownFileType = image.jpeg; path = test_data.jpg; sourceTree = "<group>"; };
		9DE7F6F41733C54E00F57760 /* RGTesseractModel.h */ = {isa = PBXFileReference; fileEncoding = 4; lastKnownFileType = sourcecode.c.h; path = RGTesseractModel.h; sourceTree = "<group>"; };
		9DE7F6F51733C54E00F57760 /* RGTesseractModel.m */ = {isa = PBXFileReference; fileEncoding = 4; lastKnownFileType = sourcecode.c.objc; path = RGTesseractModel.m; sourceTree = "<group>"; };
		9DE7F7021733CA4D00F57760 /* allheaders.h */ = {isa = PBXFileReference; fileEncoding = 4; lastKnownFileType = sourcecode.c.h; path = allheaders.h; sourceTree = "<group>"; };
		9DE7F7031733CA4D00F57760 /* alltypes.h */ = {isa = PBXFileReference; fileEncoding = 4; lastKnownFileType = sourcecode.c.h; path = alltypes.h; sourceTree = "<group>"; };
		9DE7F7041733CA4D00F57760 /* array.h */ = {isa = PBXFileReference; fileEncoding = 4; lastKnownFileType = sourcecode.c.h; path = array.h; sourceTree = "<group>"; };
		9DE7F7051733CA4D00F57760 /* arrayaccess.h */ = {isa = PBXFileReference; fileEncoding = 4; lastKnownFileType = sourcecode.c.h; path = arrayaccess.h; sourceTree = "<group>"; };
		9DE7F7061733CA4D00F57760 /* bbuffer.h */ = {isa = PBXFileReference; fileEncoding = 4; lastKnownFileType = sourcecode.c.h; path = bbuffer.h; sourceTree = "<group>"; };
		9DE7F7071733CA4D00F57760 /* bmf.h */ = {isa = PBXFileReference; fileEncoding = 4; lastKnownFileType = sourcecode.c.h; path = bmf.h; sourceTree = "<group>"; };
		9DE7F7081733CA4D00F57760 /* bmp.h */ = {isa = PBXFileReference; fileEncoding = 4; lastKnownFileType = sourcecode.c.h; path = bmp.h; sourceTree = "<group>"; };
		9DE7F7091733CA4D00F57760 /* ccbord.h */ = {isa = PBXFileReference; fileEncoding = 4; lastKnownFileType = sourcecode.c.h; path = ccbord.h; sourceTree = "<group>"; };
		9DE7F70A1733CA4D00F57760 /* dewarp.h */ = {isa = PBXFileReference; fileEncoding = 4; lastKnownFileType = sourcecode.c.h; path = dewarp.h; sourceTree = "<group>"; };
		9DE7F70B1733CA4D00F57760 /* endianness.h */ = {isa = PBXFileReference; fileEncoding = 4; lastKnownFileType = sourcecode.c.h; path = endianness.h; sourceTree = "<group>"; };
		9DE7F70C1733CA4D00F57760 /* environ.h */ = {isa = PBXFileReference; fileEncoding = 4; lastKnownFileType = sourcecode.c.h; path = environ.h; sourceTree = "<group>"; };
		9DE7F70D1733CA4D00F57760 /* freetype.h */ = {isa = PBXFileReference; fileEncoding = 4; lastKnownFileType = sourcecode.c.h; path = freetype.h; sourceTree = "<group>"; };
		9DE7F70E1733CA4D00F57760 /* gplot.h */ = {isa = PBXFileReference; fileEncoding = 4; lastKnownFileType = sourcecode.c.h; path = gplot.h; sourceTree = "<group>"; };
		9DE7F70F1733CA4D00F57760 /* heap.h */ = {isa = PBXFileReference; fileEncoding = 4; lastKnownFileType = sourcecode.c.h; path = heap.h; sourceTree = "<group>"; };
		9DE7F7101733CA4D00F57760 /* imageio.h */ = {isa = PBXFileReference; fileEncoding = 4; lastKnownFileType = sourcecode.c.h; path = imageio.h; sourceTree = "<group>"; };
		9DE7F7111733CA4D00F57760 /* jbclass.h */ = {isa = PBXFileReference; fileEncoding = 4; lastKnownFileType = sourcecode.c.h; path = jbclass.h; sourceTree = "<group>"; };
		9DE7F7121733CA4D00F57760 /* leptwin.h */ = {isa = PBXFileReference; fileEncoding = 4; lastKnownFileType = sourcecode.c.h; path = leptwin.h; sourceTree = "<group>"; };
		9DE7F7131733CA4D00F57760 /* list.h */ = {isa = PBXFileReference; fileEncoding = 4; lastKnownFileType = sourcecode.c.h; path = list.h; sourceTree = "<group>"; };
		9DE7F7141733CA4D00F57760 /* morph.h */ = {isa = PBXFileReference; fileEncoding = 4; lastKnownFileType = sourcecode.c.h; path = morph.h; sourceTree = "<group>"; };
		9DE7F7151733CA4D00F57760 /* pix.h */ = {isa = PBXFileReference; fileEncoding = 4; lastKnownFileType = sourcecode.c.h; path = pix.h; sourceTree = "<group>"; };
		9DE7F7161733CA4D00F57760 /* ptra.h */ = {isa = PBXFileReference; fileEncoding = 4; lastKnownFileType = sourcecode.c.h; path = ptra.h; sourceTree = "<group>"; };
		9DE7F7171733CA4D00F57760 /* queue.h */ = {isa = PBXFileReference; fileEncoding = 4; lastKnownFileType = sourcecode.c.h; path = queue.h; sourceTree = "<group>"; };
		9DE7F7181733CA4D00F57760 /* readbarcode.h */ = {isa = PBXFileReference; fileEncoding = 4; lastKnownFileType = sourcecode.c.h; path = readbarcode.h; sourceTree = "<group>"; };
		9DE7F7191733CA4D00F57760 /* regutils.h */ = {isa = PBXFileReference; fileEncoding = 4; lastKnownFileType = sourcecode.c.h; path = regutils.h; sourceTree = "<group>"; };
		9DE7F71A1733CA4D00F57760 /* stack.h */ = {isa = PBXFileReference; fileEncoding = 4; lastKnownFileType = sourcecode.c.h; path = stack.h; sourceTree = "<group>"; };
		9DE7F71B1733CA4D00F57760 /* sudoku.h */ = {isa = PBXFileReference; fileEncoding = 4; lastKnownFileType = sourcecode.c.h; path = sudoku.h; sourceTree = "<group>"; };
		9DE7F71C1733CA4D00F57760 /* watershed.h */ = {isa = PBXFileReference; fileEncoding = 4; lastKnownFileType = sourcecode.c.h; path = watershed.h; sourceTree = "<group>"; };
		9DE7F71E1733CA4D00F57760 /* apitypes.h */ = {isa = PBXFileReference; fileEncoding = 4; lastKnownFileType = sourcecode.c.h; path = apitypes.h; sourceTree = "<group>"; };
		9DE7F71F1733CA4D00F57760 /* baseapi.h */ = {isa = PBXFileReference; fileEncoding = 4; lastKnownFileType = sourcecode.c.h; path = baseapi.h; sourceTree = "<group>"; };
		9DE7F7201733CA4D00F57760 /* errcode.h */ = {isa = PBXFileReference; fileEncoding = 4; lastKnownFileType = sourcecode.c.h; path = errcode.h; sourceTree = "<group>"; };
		9DE7F7211733CA4D00F57760 /* genericvector.h */ = {isa = PBXFileReference; fileEncoding = 4; lastKnownFileType = sourcecode.c.h; path = genericvector.h; sourceTree = "<group>"; };
		9DE7F7221733CA4D00F57760 /* helpers.h */ = {isa = PBXFileReference; fileEncoding = 4; lastKnownFileType = sourcecode.c.h; path = helpers.h; sourceTree = "<group>"; };
		9DE7F7231733CA4D00F57760 /* host.h */ = {isa = PBXFileReference; fileEncoding = 4; lastKnownFileType = sourcecode.c.h; path = host.h; sourceTree = "<group>"; };
		9DE7F7241733CA4D00F57760 /* ltrresultiterator.h */ = {isa = PBXFileReference; fileEncoding = 4; lastKnownFileType = sourcecode.c.h; path = ltrresultiterator.h; sourceTree = "<group>"; };
		9DE7F7251733CA4D00F57760 /* memry.h */ = {isa = PBXFileReference; fileEncoding = 4; lastKnownFileType = sourcecode.c.h; path = memry.h; sourceTree = "<group>"; };
		9DE7F7261733CA4D00F57760 /* ndminx.h */ = {isa = PBXFileReference; fileEncoding = 4; lastKnownFileType = sourcecode.c.h; path = ndminx.h; sourceTree = "<group>"; };
		9DE7F7271733CA4D00F57760 /* ocrclass.h */ = {isa = PBXFileReference; fileEncoding = 4; lastKnownFileType = sourcecode.c.h; path = ocrclass.h; sourceTree = "<group>"; };
		9DE7F7281733CA4D00F57760 /* pageiterator.h */ = {isa = PBXFileReference; fileEncoding = 4; lastKnownFileType = sourcecode.c.h; path = pageiterator.h; sourceTree = "<group>"; };
		9DE7F7291733CA4D00F57760 /* platform.h */ = {isa = PBXFileReference; fileEncoding = 4; lastKnownFileType = sourcecode.c.h; path = platform.h; sourceTree = "<group>"; };
		9DE7F72A1733CA4D00F57760 /* publictypes.h */ = {isa = PBXFileReference; fileEncoding = 4; lastKnownFileType = sourcecode.c.h; path = publictypes.h; sourceTree = "<group>"; };
		9DE7F72B1733CA4D00F57760 /* resultiterator.h */ = {isa = PBXFileReference; fileEncoding = 4; lastKnownFileType = sourcecode.c.h; path = resultiterator.h; sourceTree = "<group>"; };
		9DE7F72C1733CA4D00F57760 /* strngs.h */ = {isa = PBXFileReference; fileEncoding = 4; lastKnownFileType = sourcecode.c.h; path = strngs.h; sourceTree = "<group>"; };
		9DE7F72D1733CA4D00F57760 /* tesscallback.h */ = {isa = PBXFileReference; fileEncoding = 4; lastKnownFileType = sourcecode.c.h; path = tesscallback.h; sourceTree = "<group>"; };
		9DE7F72E1733CA4D00F57760 /* thresholder.h */ = {isa = PBXFileReference; fileEncoding = 4; lastKnownFileType = sourcecode.c.h; path = thresholder.h; sourceTree = "<group>"; };
		9DE7F72F1733CA4D00F57760 /* unichar.h */ = {isa = PBXFileReference; fileEncoding = 4; lastKnownFileType = sourcecode.c.h; path = unichar.h; sourceTree = "<group>"; };
		9DE7F7301733CA4D00F57760 /* unicharmap.h */ = {isa = PBXFileReference; fileEncoding = 4; lastKnownFileType = sourcecode.c.h; path = unicharmap.h; sourceTree = "<group>"; };
		9DE7F7311733CA4D00F57760 /* unicharset.h */ = {isa = PBXFileReference; fileEncoding = 4; lastKnownFileType = sourcecode.c.h; path = unicharset.h; sourceTree = "<group>"; };
		9DE7F7321733CA4D00F57760 /* unicodes.h */ = {isa = PBXFileReference; fileEncoding = 4; lastKnownFileType = sourcecode.c.h; path = unicodes.h; sourceTree = "<group>"; };
		9DE7F7341733CA4D00F57760 /* liblept.a */ = {isa = PBXFileReference; lastKnownFileType = archive.ar; path = liblept.a; sourceTree = "<group>"; };
		9DE7F7351733CA4D00F57760 /* libtesseract_all.a */ = {isa = PBXFileReference; lastKnownFileType = archive.ar; path = libtesseract_all.a; sourceTree = "<group>"; };
		9DE7F7381733CCC400F57760 /* libstdc++.6.dylib */ = {isa = PBXFileReference; lastKnownFileType = "compiled.mach-o.dylib"; name = "libstdc++.6.dylib"; path = "usr/lib/libstdc++.6.dylib"; sourceTree = SDKROOT; };
		9DE7F73A1733CDA300F57760 /* TesseractWrapper.h */ = {isa = PBXFileReference; fileEncoding = 4; lastKnownFileType = sourcecode.c.h; path = TesseractWrapper.h; sourceTree = "<group>"; };
		9DE7F73B1733CDA300F57760 /* TesseractWrapper.mm */ = {isa = PBXFileReference; fileEncoding = 4; lastKnownFileType = sourcecode.cpp.objcpp; path = TesseractWrapper.mm; sourceTree = "<group>"; };
/* End PBXFileReference section */

/* Begin PBXFrameworksBuildPhase section */
		9DE7F6C61733B15300F57760 /* Frameworks */ = {
			isa = PBXFrameworksBuildPhase;
			buildActionMask = 2147483647;
			files = (
				9DE7F7391733CCC400F57760 /* libstdc++.6.dylib in Frameworks */,
				9DE7F6CD1733B15300F57760 /* UIKit.framework in Frameworks */,
				9DE7F6CF1733B15300F57760 /* Foundation.framework in Frameworks */,
				9DE7F6D11733B15300F57760 /* CoreGraphics.framework in Frameworks */,
				9DE7F7361733CA4D00F57760 /* liblept.a in Frameworks */,
				9DE7F7371733CA4D00F57760 /* libtesseract_all.a in Frameworks */,
			);
			runOnlyForDeploymentPostprocessing = 0;
		};
/* End PBXFrameworksBuildPhase section */

/* Begin PBXGroup section */
		9DE7F6C01733B15300F57760 = {
			isa = PBXGroup;
			children = (
				9DE7F6D21733B15300F57760 /* KonfAid */,
				9DE7F6CB1733B15300F57760 /* Frameworks */,
				9DE7F6CA1733B15300F57760 /* Products */,
			);
			sourceTree = "<group>";
		};
		9DE7F6CA1733B15300F57760 /* Products */ = {
			isa = PBXGroup;
			children = (
				9DE7F6C91733B15300F57760 /* KonfAid.app */,
			);
			name = Products;
			sourceTree = "<group>";
		};
		9DE7F6CB1733B15300F57760 /* Frameworks */ = {
			isa = PBXGroup;
			children = (
				9DE7F7381733CCC400F57760 /* libstdc++.6.dylib */,
				9DE7F6FF1733CA4D00F57760 /* Tesseract */,
				9DE7F6CC1733B15300F57760 /* UIKit.framework */,
				9DE7F6CE1733B15300F57760 /* Foundation.framework */,
				9DE7F6D01733B15300F57760 /* CoreGraphics.framework */,
			);
			name = Frameworks;
			sourceTree = "<group>";
		};
		9DE7F6D21733B15300F57760 /* KonfAid */ = {
			isa = PBXGroup;
			children = (
				9DE7F6EE1733B24A00F57760 /* NIbs */,
				9DE7F6ED1733B24800F57760 /* ViewControllers */,
				9DE7F6EC1733B24500F57760 /* Views */,
				9DE7F6EB1733B24200F57760 /* Model */,
				9DE7F6DB1733B15300F57760 /* RGAppDelegate.h */,
				9DE7F6DC1733B15300F57760 /* RGAppDelegate.m */,
				9DE7F6D31733B15300F57760 /* Supporting Files */,
			);
			path = KonfAid;
			sourceTree = "<group>";
		};
		9DE7F6D31733B15300F57760 /* Supporting Files */ = {
			isa = PBXGroup;
			children = (
				9DE7F6D41733B15300F57760 /* KonfAid-Info.plist */,
				9DE7F6D51733B15300F57760 /* InfoPlist.strings */,
				9DE7F6D81733B15300F57760 /* main.m */,
				9DE7F6DA1733B15300F57760 /* KonfAid-Prefix.pch */,
				9DE7F6DE1733B15300F57760 /* Default.png */,
				9DE7F6E01733B15300F57760 /* Default@2x.png */,
				9DE7F6E21733B15300F57760 /* Default-568h@2x.png */,
			);
			name = "Supporting Files";
			sourceTree = "<group>";
		};
		9DE7F6EB1733B24200F57760 /* Model */ = {
			isa = PBXGroup;
			children = (
				9DE7F73A1733CDA300F57760 /* TesseractWrapper.h */,
				9DE7F73B1733CDA300F57760 /* TesseractWrapper.mm */,
				9DE7F6F21733C51800F57760 /* test_data.jpg */,
				9DE7F6F41733C54E00F57760 /* RGTesseractModel.h */,
				9DE7F6F51733C54E00F57760 /* RGTesseractModel.m */,
			);
			name = Model;
			sourceTree = "<group>";
		};
		9DE7F6EC1733B24500F57760 /* Views */ = {
			isa = PBXGroup;
			children = (
			);
			name = Views;
			sourceTree = "<group>";
		};
		9DE7F6ED1733B24800F57760 /* ViewControllers */ = {
			isa = PBXGroup;
			children = (
				9DE7F6EF1733C10800F57760 /* MainViewController.h */,
				9DE7F6F01733C10800F57760 /* MainViewController.m */,
			);
			name = ViewControllers;
			sourceTree = "<group>";
		};
		9DE7F6EE1733B24A00F57760 /* NIbs */ = {
			isa = PBXGroup;
			children = (
				9DE7F6E91733B1B400F57760 /* MainStoryboard.storyboard */,
			);
			name = NIbs;
			sourceTree = "<group>";
		};
		9DE7F6FF1733CA4D00F57760 /* Tesseract */ = {
			isa = PBXGroup;
			children = (
				9DE7F7001733CA4D00F57760 /* include */,
				9DE7F7331733CA4D00F57760 /* lib */,
			);
			path = Tesseract;
			sourceTree = "<group>";
		};
		9DE7F7001733CA4D00F57760 /* include */ = {
			isa = PBXGroup;
			children = (
				9DE7F7011733CA4D00F57760 /* leptonica */,
				9DE7F71D1733CA4D00F57760 /* tesseract */,
			);
			path = include;
			sourceTree = "<group>";
		};
		9DE7F7011733CA4D00F57760 /* leptonica */ = {
			isa = PBXGroup;
			children = (
				9DE7F7021733CA4D00F57760 /* allheaders.h */,
				9DE7F7031733CA4D00F57760 /* alltypes.h */,
				9DE7F7041733CA4D00F57760 /* array.h */,
				9DE7F7051733CA4D00F57760 /* arrayaccess.h */,
				9DE7F7061733CA4D00F57760 /* bbuffer.h */,
				9DE7F7071733CA4D00F57760 /* bmf.h */,
				9DE7F7081733CA4D00F57760 /* bmp.h */,
				9DE7F7091733CA4D00F57760 /* ccbord.h */,
				9DE7F70A1733CA4D00F57760 /* dewarp.h */,
				9DE7F70B1733CA4D00F57760 /* endianness.h */,
				9DE7F70C1733CA4D00F57760 /* environ.h */,
				9DE7F70D1733CA4D00F57760 /* freetype.h */,
				9DE7F70E1733CA4D00F57760 /* gplot.h */,
				9DE7F70F1733CA4D00F57760 /* heap.h */,
				9DE7F7101733CA4D00F57760 /* imageio.h */,
				9DE7F7111733CA4D00F57760 /* jbclass.h */,
				9DE7F7121733CA4D00F57760 /* leptwin.h */,
				9DE7F7131733CA4D00F57760 /* list.h */,
				9DE7F7141733CA4D00F57760 /* morph.h */,
				9DE7F7151733CA4D00F57760 /* pix.h */,
				9DE7F7161733CA4D00F57760 /* ptra.h */,
				9DE7F7171733CA4D00F57760 /* queue.h */,
				9DE7F7181733CA4D00F57760 /* readbarcode.h */,
				9DE7F7191733CA4D00F57760 /* regutils.h */,
				9DE7F71A1733CA4D00F57760 /* stack.h */,
				9DE7F71B1733CA4D00F57760 /* sudoku.h */,
				9DE7F71C1733CA4D00F57760 /* watershed.h */,
			);
			path = leptonica;
			sourceTree = "<group>";
		};
		9DE7F71D1733CA4D00F57760 /* tesseract */ = {
			isa = PBXGroup;
			children = (
				9DE7F71E1733CA4D00F57760 /* apitypes.h */,
				9DE7F71F1733CA4D00F57760 /* baseapi.h */,
				9DE7F7201733CA4D00F57760 /* errcode.h */,
				9DE7F7211733CA4D00F57760 /* genericvector.h */,
				9DE7F7221733CA4D00F57760 /* helpers.h */,
				9DE7F7231733CA4D00F57760 /* host.h */,
				9DE7F7241733CA4D00F57760 /* ltrresultiterator.h */,
				9DE7F7251733CA4D00F57760 /* memry.h */,
				9DE7F7261733CA4D00F57760 /* ndminx.h */,
				9DE7F7271733CA4D00F57760 /* ocrclass.h */,
				9DE7F7281733CA4D00F57760 /* pageiterator.h */,
				9DE7F7291733CA4D00F57760 /* platform.h */,
				9DE7F72A1733CA4D00F57760 /* publictypes.h */,
				9DE7F72B1733CA4D00F57760 /* resultiterator.h */,
				9DE7F72C1733CA4D00F57760 /* strngs.h */,
				9DE7F72D1733CA4D00F57760 /* tesscallback.h */,
				9DE7F72E1733CA4D00F57760 /* thresholder.h */,
				9DE7F72F1733CA4D00F57760 /* unichar.h */,
				9DE7F7301733CA4D00F57760 /* unicharmap.h */,
				9DE7F7311733CA4D00F57760 /* unicharset.h */,
				9DE7F7321733CA4D00F57760 /* unicodes.h */,
			);
			path = tesseract;
			sourceTree = "<group>";
		};
		9DE7F7331733CA4D00F57760 /* lib */ = {
			isa = PBXGroup;
			children = (
				9DE7F7341733CA4D00F57760 /* liblept.a */,
				9DE7F7351733CA4D00F57760 /* libtesseract_all.a */,
			);
			path = lib;
			sourceTree = "<group>";
		};
/* End PBXGroup section */

/* Begin PBXNativeTarget section */
		9DE7F6C81733B15300F57760 /* KonfAid */ = {
			isa = PBXNativeTarget;
			buildConfigurationList = 9DE7F6E61733B15300F57760 /* Build configuration list for PBXNativeTarget "KonfAid" */;
			buildPhases = (
				9DE7F6C51733B15300F57760 /* Sources */,
				9DE7F6C61733B15300F57760 /* Frameworks */,
				9DE7F6C71733B15300F57760 /* Resources */,
			);
			buildRules = (
			);
			dependencies = (
			);
			name = KonfAid;
			productName = KonfAid;
			productReference = 9DE7F6C91733B15300F57760 /* KonfAid.app */;
			productType = "com.apple.product-type.application";
		};
/* End PBXNativeTarget section */

/* Begin PBXProject section */
		9DE7F6C11733B15300F57760 /* Project object */ = {
			isa = PBXProject;
			attributes = {
				CLASSPREFIX = RG;
				LastUpgradeCheck = 0460;
				ORGANIZATIONNAME = "Ricki Gregersen";
			};
			buildConfigurationList = 9DE7F6C41733B15300F57760 /* Build configuration list for PBXProject "KonfAid" */;
			compatibilityVersion = "Xcode 3.2";
			developmentRegion = English;
			hasScannedForEncodings = 0;
			knownRegions = (
				en,
			);
			mainGroup = 9DE7F6C01733B15300F57760;
			productRefGroup = 9DE7F6CA1733B15300F57760 /* Products */;
			projectDirPath = "";
			projectRoot = "";
			targets = (
				9DE7F6C81733B15300F57760 /* KonfAid */,
			);
		};
/* End PBXProject section */

/* Begin PBXResourcesBuildPhase section */
		9DE7F6C71733B15300F57760 /* Resources */ = {
			isa = PBXResourcesBuildPhase;
			buildActionMask = 2147483647;
			files = (
				9DE7F6D71733B15300F57760 /* InfoPlist.strings in Resources */,
				9DE7F6DF1733B15300F57760 /* Default.png in Resources */,
				9DE7F6E11733B15300F57760 /* Default@2x.png in Resources */,
				9DE7F6E31733B15300F57760 /* Default-568h@2x.png in Resources */,
				9DE7F6EA1733B1B400F57760 /* MainStoryboard.storyboard in Resources */,
				9DE7F6F31733C51800F57760 /* test_data.jpg in Resources */,
			);
			runOnlyForDeploymentPostprocessing = 0;
		};
/* End PBXResourcesBuildPhase section */

/* Begin PBXSourcesBuildPhase section */
		9DE7F6C51733B15300F57760 /* Sources */ = {
			isa = PBXSourcesBuildPhase;
			buildActionMask = 2147483647;
			files = (
				9DE7F6D91733B15300F57760 /* main.m in Sources */,
				9DE7F6DD1733B15300F57760 /* RGAppDelegate.m in Sources */,
				9DE7F6F11733C10800F57760 /* MainViewController.m in Sources */,
				9DE7F6F61733C54E00F57760 /* RGTesseractModel.m in Sources */,
				9DE7F73C1733CDA300F57760 /* TesseractWrapper.mm in Sources */,
			);
			runOnlyForDeploymentPostprocessing = 0;
		};
/* End PBXSourcesBuildPhase section */

/* Begin PBXVariantGroup section */
		9DE7F6D51733B15300F57760 /* InfoPlist.strings */ = {
			isa = PBXVariantGroup;
			children = (
				9DE7F6D61733B15300F57760 /* en */,
			);
			name = InfoPlist.strings;
			sourceTree = "<group>";
		};
/* End PBXVariantGroup section */

/* Begin XCBuildConfiguration section */
		9DE7F6E41733B15300F57760 /* Debug */ = {
			isa = XCBuildConfiguration;
			buildSettings = {
				ALWAYS_SEARCH_USER_PATHS = NO;
				CLANG_CXX_LANGUAGE_STANDARD = "gnu++0x";
				CLANG_CXX_LIBRARY = "libc++";
				CLANG_ENABLE_OBJC_ARC = YES;
				CLANG_WARN_CONSTANT_CONVERSION = YES;
				CLANG_WARN_EMPTY_BODY = YES;
				CLANG_WARN_ENUM_CONVERSION = YES;
				CLANG_WARN_INT_CONVERSION = YES;
				CLANG_WARN__DUPLICATE_METHOD_MATCH = YES;
				"CODE_SIGN_IDENTITY[sdk=iphoneos*]" = "iPhone Developer";
				COPY_PHASE_STRIP = NO;
				GCC_C_LANGUAGE_STANDARD = gnu99;
				GCC_DYNAMIC_NO_PIC = NO;
				GCC_OPTIMIZATION_LEVEL = 0;
				GCC_PREPROCESSOR_DEFINITIONS = (
					"DEBUG=1",
					"$(inherited)",
				);
				GCC_SYMBOLS_PRIVATE_EXTERN = NO;
				GCC_WARN_ABOUT_RETURN_TYPE = YES;
				GCC_WARN_UNINITIALIZED_AUTOS = YES;
				GCC_WARN_UNUSED_VARIABLE = YES;
				IPHONEOS_DEPLOYMENT_TARGET = 6.1;
				ONLY_ACTIVE_ARCH = YES;
				SDKROOT = iphoneos;
			};
			name = Debug;
		};
		9DE7F6E51733B15300F57760 /* Release */ = {
			isa = XCBuildConfiguration;
			buildSettings = {
				ALWAYS_SEARCH_USER_PATHS = NO;
				CLANG_CXX_LANGUAGE_STANDARD = "gnu++0x";
				CLANG_CXX_LIBRARY = "libc++";
				CLANG_ENABLE_OBJC_ARC = YES;
				CLANG_WARN_CONSTANT_CONVERSION = YES;
				CLANG_WARN_EMPTY_BODY = YES;
				CLANG_WARN_ENUM_CONVERSION = YES;
				CLANG_WARN_INT_CONVERSION = YES;
				CLANG_WARN__DUPLICATE_METHOD_MATCH = YES;
				"CODE_SIGN_IDENTITY[sdk=iphoneos*]" = "iPhone Developer";
				COPY_PHASE_STRIP = YES;
				GCC_C_LANGUAGE_STANDARD = gnu99;
				GCC_WARN_ABOUT_RETURN_TYPE = YES;
				GCC_WARN_UNINITIALIZED_AUTOS = YES;
				GCC_WARN_UNUSED_VARIABLE = YES;
				IPHONEOS_DEPLOYMENT_TARGET = 6.1;
				OTHER_CFLAGS = "-DNS_BLOCK_ASSERTIONS=1";
				SDKROOT = iphoneos;
				VALIDATE_PRODUCT = YES;
			};
			name = Release;
		};
		9DE7F6E71733B15300F57760 /* Debug */ = {
			isa = XCBuildConfiguration;
			buildSettings = {
				GCC_PRECOMPILE_PREFIX_HEADER = YES;
				GCC_PREFIX_HEADER = "KonfAid/KonfAid-Prefix.pch";
				INFOPLIST_FILE = "KonfAid/KonfAid-Info.plist";
				LIBRARY_SEARCH_PATHS = (
					"$(inherited)",
					"\"$(SRCROOT)\"",
					"\"$(SRCROOT)/Tesseract/lib\"",
				);
				PRODUCT_NAME = "$(TARGET_NAME)";
				WRAPPER_EXTENSION = app;
			};
			name = Debug;
		};
		9DE7F6E81733B15300F57760 /* Release */ = {
			isa = XCBuildConfiguration;
			buildSettings = {
				GCC_PRECOMPILE_PREFIX_HEADER = YES;
				GCC_PREFIX_HEADER = "KonfAid/KonfAid-Prefix.pch";
				INFOPLIST_FILE = "KonfAid/KonfAid-Info.plist";
				LIBRARY_SEARCH_PATHS = (
					"$(inherited)",
					"\"$(SRCROOT)\"",
					"\"$(SRCROOT)/Tesseract/lib\"",
				);
				PRODUCT_NAME = "$(TARGET_NAME)";
				WRAPPER_EXTENSION = app;
			};
			name = Release;
		};
/* End XCBuildConfiguration section */

/* Begin XCConfigurationList section */
		9DE7F6C41733B15300F57760 /* Build configuration list for PBXProject "KonfAid" */ = {
			isa = XCConfigurationList;
			buildConfigurations = (
				9DE7F6E41733B15300F57760 /* Debug */,
				9DE7F6E51733B15300F57760 /* Release */,
			);
			defaultConfigurationIsVisible = 0;
			defaultConfigurationName = Release;
		};
		9DE7F6E61733B15300F57760 /* Build configuration list for PBXNativeTarget "KonfAid" */ = {
			isa = XCConfigurationList;
			buildConfigurations = (
				9DE7F6E71733B15300F57760 /* Debug */,
				9DE7F6E81733B15300F57760 /* Release */,
			);
			defaultConfigurationIsVisible = 0;
		};
/* End XCConfigurationList section */
	};
	rootObject = 9DE7F6C11733B15300F57760 /* Project object */;
}
